// !$*UTF8*$!
{
	archiveVersion = 1;
	classes = {
	};
	objectVersion = 51;
	objects = {

/* Begin PBXBuildFile section */
		1BA19FB671E2835140B29215 /* libPods-SwiftFirebaseAnonymousLogin.a in Frameworks */ = {isa = PBXBuildFile; fileRef = AEB303ADC65FD95BDEFC5F9F /* libPods-SwiftFirebaseAnonymousLogin.a */; };
		4F58F0D224068F18001A9C2E /* AppDelegate.swift in Sources */ = {isa = PBXBuildFile; fileRef = 4F58F0D124068F18001A9C2E /* AppDelegate.swift */; };
		4F58F0D424068F18001A9C2E /* SceneDelegate.swift in Sources */ = {isa = PBXBuildFile; fileRef = 4F58F0D324068F18001A9C2E /* SceneDelegate.swift */; };
		4F58F0D924068F18001A9C2E /* Main.storyboard in Resources */ = {isa = PBXBuildFile; fileRef = 4F58F0D724068F18001A9C2E /* Main.storyboard */; };
		4F58F0DB24068F18001A9C2E /* Assets.xcassets in Resources */ = {isa = PBXBuildFile; fileRef = 4F58F0DA24068F18001A9C2E /* Assets.xcassets */; };
		4F58F0DE24068F18001A9C2E /* LaunchScreen.storyboard in Resources */ = {isa = PBXBuildFile; fileRef = 4F58F0DC24068F18001A9C2E /* LaunchScreen.storyboard */; };
		4F8AAA312407D69D0020077F /* NextViewController.swift in Sources */ = {isa = PBXBuildFile; fileRef = 4F8AAA302407D69D0020077F /* NextViewController.swift */; };
		4FB3BE86240A594E008E9BCF /* Contents.swift in Sources */ = {isa = PBXBuildFile; fileRef = 4FB3BE85240A594E008E9BCF /* Contents.swift */; };
		4FB3BE88240B847D008E9BCF /* EditAndPostViewController.swift in Sources */ = {isa = PBXBuildFile; fileRef = 4FB3BE87240B847D008E9BCF /* EditAndPostViewController.swift */; };
		4FB3BE8A240FBD04008E9BCF /* DateilViewController.swift in Sources */ = {isa = PBXBuildFile; fileRef = 4FB3BE89240FBD04008E9BCF /* DateilViewController.swift */; };
		4FB3BE8C240FD02C008E9BCF /* Keyboard.swift in Sources */ = {isa = PBXBuildFile; fileRef = 4FB3BE8B240FD02C008E9BCF /* Keyboard.swift */; };
		4FB6CB6C2406991500F16331 /* ViewController.swift in Sources */ = {isa = PBXBuildFile; fileRef = 4FB6CB6B2406991500F16331 /* ViewController.swift */; };
		4FB6CB6E24069D4200F16331 /* InputViewController.swift in Sources */ = {isa = PBXBuildFile; fileRef = 4FB6CB6D24069D4200F16331 /* InputViewController.swift */; };
		4FED3977240694C200600310 /* GoogleService-Info.plist in Resources */ = {isa = PBXBuildFile; fileRef = 4FED3976240694C200600310 /* GoogleService-Info.plist */; };
/* End PBXBuildFile section */

/* Begin PBXFileReference section */
		4F58F0CE24068F18001A9C2E /* SwiftFirebaseAnonymousLogin.app */ = {isa = PBXFileReference; explicitFileType = wrapper.application; includeInIndex = 0; path = SwiftFirebaseAnonymousLogin.app; sourceTree = BUILT_PRODUCTS_DIR; };
		4F58F0D124068F18001A9C2E /* AppDelegate.swift */ = {isa = PBXFileReference; lastKnownFileType = sourcecode.swift; path = AppDelegate.swift; sourceTree = "<group>"; };
		4F58F0D324068F18001A9C2E /* SceneDelegate.swift */ = {isa = PBXFileReference; lastKnownFileType = sourcecode.swift; path = SceneDelegate.swift; sourceTree = "<group>"; };
		4F58F0D824068F18001A9C2E /* Base */ = {isa = PBXFileReference; lastKnownFileType = file.storyboard; name = Base; path = Base.lproj/Main.storyboard; sourceTree = "<group>"; };
		4F58F0DA24068F18001A9C2E /* Assets.xcassets */ = {isa = PBXFileReference; lastKnownFileType = folder.assetcatalog; path = Assets.xcassets; sourceTree = "<group>"; };
		4F58F0DD24068F18001A9C2E /* Base */ = {isa = PBXFileReference; lastKnownFileType = file.storyboard; name = Base; path = Base.lproj/LaunchScreen.storyboard; sourceTree = "<group>"; };
		4F58F0DF24068F18001A9C2E /* Info.plist */ = {isa = PBXFileReference; lastKnownFileType = text.plist.xml; path = Info.plist; sourceTree = "<group>"; };
		4F8AAA302407D69D0020077F /* NextViewController.swift */ = {isa = PBXFileReference; lastKnownFileType = sourcecode.swift; path = NextViewController.swift; sourceTree = "<group>"; };
		4FB3BE85240A594E008E9BCF /* Contents.swift */ = {isa = PBXFileReference; lastKnownFileType = sourcecode.swift; path = Contents.swift; sourceTree = "<group>"; };
		4FB3BE87240B847D008E9BCF /* EditAndPostViewController.swift */ = {isa = PBXFileReference; lastKnownFileType = sourcecode.swift; path = EditAndPostViewController.swift; sourceTree = "<group>"; };
		4FB3BE89240FBD04008E9BCF /* DateilViewController.swift */ = {isa = PBXFileReference; lastKnownFileType = sourcecode.swift; path = DateilViewController.swift; sourceTree = "<group>"; };
		4FB3BE8B240FD02C008E9BCF /* Keyboard.swift */ = {isa = PBXFileReference; lastKnownFileType = sourcecode.swift; path = Keyboard.swift; sourceTree = "<group>"; };
		4FB6CB6B2406991500F16331 /* ViewController.swift */ = {isa = PBXFileReference; lastKnownFileType = sourcecode.swift; path = ViewController.swift; sourceTree = "<group>"; };
		4FB6CB6D24069D4200F16331 /* InputViewController.swift */ = {isa = PBXFileReference; lastKnownFileType = sourcecode.swift; path = InputViewController.swift; sourceTree = "<group>"; };
		4FED3976240694C200600310 /* GoogleService-Info.plist */ = {isa = PBXFileReference; fileEncoding = 4; lastKnownFileType = text.plist.xml; path = "GoogleService-Info.plist"; sourceTree = "<group>"; };
		5A69F2E67173430C88FFBDC9 /* Pods-SwiftFirebaseAnonymousLogin.release.xcconfig */ = {isa = PBXFileReference; includeInIndex = 1; lastKnownFileType = text.xcconfig; name = "Pods-SwiftFirebaseAnonymousLogin.release.xcconfig"; path = "Target Support Files/Pods-SwiftFirebaseAnonymousLogin/Pods-SwiftFirebaseAnonymousLogin.release.xcconfig"; sourceTree = "<group>"; };
		AEB303ADC65FD95BDEFC5F9F /* libPods-SwiftFirebaseAnonymousLogin.a */ = {isa = PBXFileReference; explicitFileType = archive.ar; includeInIndex = 0; path = "libPods-SwiftFirebaseAnonymousLogin.a"; sourceTree = BUILT_PRODUCTS_DIR; };
		B42E9265D2FB0A40788231D0 /* Pods-SwiftFirebaseAnonymousLogin.debug.xcconfig */ = {isa = PBXFileReference; includeInIndex = 1; lastKnownFileType = text.xcconfig; name = "Pods-SwiftFirebaseAnonymousLogin.debug.xcconfig"; path = "Target Support Files/Pods-SwiftFirebaseAnonymousLogin/Pods-SwiftFirebaseAnonymousLogin.debug.xcconfig"; sourceTree = "<group>"; };
/* End PBXFileReference section */

/* Begin PBXFrameworksBuildPhase section */
		4F58F0CB24068F18001A9C2E /* Frameworks */ = {
			isa = PBXFrameworksBuildPhase;
			buildActionMask = 2147483647;
			files = (
				1BA19FB671E2835140B29215 /* libPods-SwiftFirebaseAnonymousLogin.a in Frameworks */,
			);
			runOnlyForDeploymentPostprocessing = 0;
		};
/* End PBXFrameworksBuildPhase section */

/* Begin PBXGroup section */
		4F58F0C524068F17001A9C2E = {
			isa = PBXGroup;
			children = (
				4F58F0D024068F18001A9C2E /* SwiftFirebaseAnonymousLogin */,
				4F58F0CF24068F18001A9C2E /* Products */,
				535B53057C0B3D9C5472B13A /* Pods */,
				FA308AF181A6671CFC35054E /* Frameworks */,
			);
			sourceTree = "<group>";
		};
		4F58F0CF24068F18001A9C2E /* Products */ = {
			isa = PBXGroup;
			children = (
				4F58F0CE24068F18001A9C2E /* SwiftFirebaseAnonymousLogin.app */,
			);
			name = Products;
			sourceTree = "<group>";
		};
		4F58F0D024068F18001A9C2E /* SwiftFirebaseAnonymousLogin */ = {
			isa = PBXGroup;
			children = (
				4F58F0E5240692FB001A9C2E /* Model */,
				4F58F0E724069318001A9C2E /* View */,
				4F58F0E624069308001A9C2E /* Controller */,
				4FED3976240694C200600310 /* GoogleService-Info.plist */,
				4F58F0DF24068F18001A9C2E /* Info.plist */,
			);
			path = SwiftFirebaseAnonymousLogin;
			sourceTree = "<group>";
		};
		4F58F0E5240692FB001A9C2E /* Model */ = {
			isa = PBXGroup;
			children = (
				4FB3BE85240A594E008E9BCF /* Contents.swift */,
				4FB3BE8B240FD02C008E9BCF /* Keyboard.swift */,
			);
			path = Model;
			sourceTree = "<group>";
		};
		4F58F0E624069308001A9C2E /* Controller */ = {
			isa = PBXGroup;
			children = (
				4F58F0D124068F18001A9C2E /* AppDelegate.swift */,
				4F58F0D324068F18001A9C2E /* SceneDelegate.swift */,
				4FB6CB6B2406991500F16331 /* ViewController.swift */,
				4FB6CB6D24069D4200F16331 /* InputViewController.swift */,
				4F8AAA302407D69D0020077F /* NextViewController.swift */,
				4FB3BE87240B847D008E9BCF /* EditAndPostViewController.swift */,
				4FB3BE89240FBD04008E9BCF /* DateilViewController.swift */,
			);
			path = Controller;
			sourceTree = "<group>";
		};
		4F58F0E724069318001A9C2E /* View */ = {
			isa = PBXGroup;
			children = (
				4F58F0D724068F18001A9C2E /* Main.storyboard */,
				4F58F0DA24068F18001A9C2E /* Assets.xcassets */,
				4F58F0DC24068F18001A9C2E /* LaunchScreen.storyboard */,
			);
			path = View;
			sourceTree = "<group>";
		};
		535B53057C0B3D9C5472B13A /* Pods */ = {
			isa = PBXGroup;
			children = (
				B42E9265D2FB0A40788231D0 /* Pods-SwiftFirebaseAnonymousLogin.debug.xcconfig */,
				5A69F2E67173430C88FFBDC9 /* Pods-SwiftFirebaseAnonymousLogin.release.xcconfig */,
			);
			path = Pods;
			sourceTree = "<group>";
		};
		FA308AF181A6671CFC35054E /* Frameworks */ = {
			isa = PBXGroup;
			children = (
				AEB303ADC65FD95BDEFC5F9F /* libPods-SwiftFirebaseAnonymousLogin.a */,
			);
			name = Frameworks;
			sourceTree = "<group>";
		};
/* End PBXGroup section */

/* Begin PBXNativeTarget section */
		4F58F0CD24068F18001A9C2E /* SwiftFirebaseAnonymousLogin */ = {
			isa = PBXNativeTarget;
			buildConfigurationList = 4F58F0E224068F18001A9C2E /* Build configuration list for PBXNativeTarget "SwiftFirebaseAnonymousLogin" */;
			buildPhases = (
				17AB5C4D775E93BAB689FD26 /* [CP] Check Pods Manifest.lock */,
				4F58F0CA24068F18001A9C2E /* Sources */,
				4F58F0CB24068F18001A9C2E /* Frameworks */,
				4F58F0CC24068F18001A9C2E /* Resources */,
				82132379AD461D0C8D48536D /* [CP] Copy Pods Resources */,
			);
			buildRules = (
			);
			dependencies = (
			);
			name = SwiftFirebaseAnonymousLogin;
			productName = SwiftFirebaseAnonymousLogin;
			productReference = 4F58F0CE24068F18001A9C2E /* SwiftFirebaseAnonymousLogin.app */;
			productType = "com.apple.product-type.application";
		};
/* End PBXNativeTarget section */

/* Begin PBXProject section */
		4F58F0C624068F17001A9C2E /* Project object */ = {
			isa = PBXProject;
			attributes = {
				LastSwiftUpdateCheck = 1130;
				LastUpgradeCheck = 1130;
				ORGANIZATIONNAME = "Nakano Yuki";
				TargetAttributes = {
					4F58F0CD24068F18001A9C2E = {
						CreatedOnToolsVersion = 11.3.1;
					};
				};
			};
			buildConfigurationList = 4F58F0C924068F17001A9C2E /* Build configuration list for PBXProject "SwiftFirebaseAnonymousLogin" */;
			compatibilityVersion = "Xcode 9.3";
			developmentRegion = en;
			hasScannedForEncodings = 0;
			knownRegions = (
				en,
				Base,
			);
			mainGroup = 4F58F0C524068F17001A9C2E;
			productRefGroup = 4F58F0CF24068F18001A9C2E /* Products */;
			projectDirPath = "";
			projectRoot = "";
			targets = (
				4F58F0CD24068F18001A9C2E /* SwiftFirebaseAnonymousLogin */,
			);
		};
/* End PBXProject section */

/* Begin PBXResourcesBuildPhase section */
		4F58F0CC24068F18001A9C2E /* Resources */ = {
			isa = PBXResourcesBuildPhase;
			buildActionMask = 2147483647;
			files = (
				4F58F0DE24068F18001A9C2E /* LaunchScreen.storyboard in Resources */,
				4F58F0DB24068F18001A9C2E /* Assets.xcassets in Resources */,
				4F58F0D924068F18001A9C2E /* Main.storyboard in Resources */,
				4FED3977240694C200600310 /* GoogleService-Info.plist in Resources */,
			);
			runOnlyForDeploymentPostprocessing = 0;
		};
/* End PBXResourcesBuildPhase section */

/* Begin PBXShellScriptBuildPhase section */
		17AB5C4D775E93BAB689FD26 /* [CP] Check Pods Manifest.lock */ = {
			isa = PBXShellScriptBuildPhase;
			buildActionMask = 2147483647;
			files = (
			);
			inputFileListPaths = (
			);
			inputPaths = (
				"${PODS_PODFILE_DIR_PATH}/Podfile.lock",
				"${PODS_ROOT}/Manifest.lock",
			);
			name = "[CP] Check Pods Manifest.lock";
			outputFileListPaths = (
			);
			outputPaths = (
				"$(DERIVED_FILE_DIR)/Pods-SwiftFirebaseAnonymousLogin-checkManifestLockResult.txt",
			);
			runOnlyForDeploymentPostprocessing = 0;
			shellPath = /bin/sh;
			shellScript = "diff \"${PODS_PODFILE_DIR_PATH}/Podfile.lock\" \"${PODS_ROOT}/Manifest.lock\" > /dev/null\nif [ $? != 0 ] ; then\n    # print error to STDERR\n    echo \"error: The sandbox is not in sync with the Podfile.lock. Run 'pod install' or update your CocoaPods installation.\" >&2\n    exit 1\nfi\n# This output is used by Xcode 'outputs' to avoid re-running this script phase.\necho \"SUCCESS\" > \"${SCRIPT_OUTPUT_FILE_0}\"\n";
			showEnvVarsInLog = 0;
		};
		82132379AD461D0C8D48536D /* [CP] Copy Pods Resources */ = {
			isa = PBXShellScriptBuildPhase;
			buildActionMask = 2147483647;
			files = (
			);
			inputFileListPaths = (
				"${PODS_ROOT}/Target Support Files/Pods-SwiftFirebaseAnonymousLogin/Pods-SwiftFirebaseAnonymousLogin-resources-${CONFIGURATION}-input-files.xcfilelist",
			);
			name = "[CP] Copy Pods Resources";
			outputFileListPaths = (
				"${PODS_ROOT}/Target Support Files/Pods-SwiftFirebaseAnonymousLogin/Pods-SwiftFirebaseAnonymousLogin-resources-${CONFIGURATION}-output-files.xcfilelist",
			);
			runOnlyForDeploymentPostprocessing = 0;
			shellPath = /bin/sh;
			shellScript = "\"${PODS_ROOT}/Target Support Files/Pods-SwiftFirebaseAnonymousLogin/Pods-SwiftFirebaseAnonymousLogin-resources.sh\"\n";
			showEnvVarsInLog = 0;
		};
/* End PBXShellScriptBuildPhase section */

/* Begin PBXSourcesBuildPhase section */
		4F58F0CA24068F18001A9C2E /* Sources */ = {
			isa = PBXSourcesBuildPhase;
			buildActionMask = 2147483647;
			files = (
				4F8AAA312407D69D0020077F /* NextViewController.swift in Sources */,
				4FB3BE86240A594E008E9BCF /* Contents.swift in Sources */,
				4F58F0D224068F18001A9C2E /* AppDelegate.swift in Sources */,
				4FB3BE88240B847D008E9BCF /* EditAndPostViewController.swift in Sources */,
				4FB3BE8C240FD02C008E9BCF /* Keyboard.swift in Sources */,
				4FB6CB6C2406991500F16331 /* ViewController.swift in Sources */,
				4F58F0D424068F18001A9C2E /* SceneDelegate.swift in Sources */,
				4FB6CB6E24069D4200F16331 /* InputViewController.swift in Sources */,
				4FB3BE8A240FBD04008E9BCF /* DateilViewController.swift in Sources */,
			);
			runOnlyForDeploymentPostprocessing = 0;
		};
/* End PBXSourcesBuildPhase section */

/* Begin PBXVariantGroup section */
		4F58F0D724068F18001A9C2E /* Main.storyboard */ = {
			isa = PBXVariantGroup;
			children = (
				4F58F0D824068F18001A9C2E /* Base */,
			);
			name = Main.storyboard;
			sourceTree = "<group>";
		};
		4F58F0DC24068F18001A9C2E /* LaunchScreen.storyboard */ = {
			isa = PBXVariantGroup;
			children = (
				4F58F0DD24068F18001A9C2E /* Base */,
			);
			name = LaunchScreen.storyboard;
			sourceTree = "<group>";
		};
/* End PBXVariantGroup section */

/* Begin XCBuildConfiguration section */
		4F58F0E024068F18001A9C2E /* Debug */ = {
			isa = XCBuildConfiguration;
			buildSettings = {
				ALWAYS_EMBED_SWIFT_STANDARD_LIBRARIES = NO;
				ALWAYS_SEARCH_USER_PATHS = NO;
				CLANG_ANALYZER_NONNULL = YES;
				CLANG_ANALYZER_NUMBER_OBJECT_CONVERSION = YES_AGGRESSIVE;
				CLANG_CXX_LANGUAGE_STANDARD = "gnu++14";
				CLANG_CXX_LIBRARY = "libc++";
				CLANG_ENABLE_MODULES = YES;
				CLANG_ENABLE_OBJC_ARC = YES;
				CLANG_ENABLE_OBJC_WEAK = YES;
				CLANG_WARN_BLOCK_CAPTURE_AUTORELEASING = YES;
				CLANG_WARN_BOOL_CONVERSION = YES;
				CLANG_WARN_COMMA = YES;
				CLANG_WARN_CONSTANT_CONVERSION = YES;
				CLANG_WARN_DEPRECATED_OBJC_IMPLEMENTATIONS = YES;
				CLANG_WARN_DIRECT_OBJC_ISA_USAGE = YES_ERROR;
				CLANG_WARN_DOCUMENTATION_COMMENTS = YES;
				CLANG_WARN_EMPTY_BODY = YES;
				CLANG_WARN_ENUM_CONVERSION = YES;
				CLANG_WARN_INFINITE_RECURSION = YES;
				CLANG_WARN_INT_CONVERSION = YES;
				CLANG_WARN_NON_LITERAL_NULL_CONVERSION = YES;
				CLANG_WARN_OBJC_IMPLICIT_RETAIN_SELF = YES;
				CLANG_WARN_OBJC_LITERAL_CONVERSION = YES;
				CLANG_WARN_OBJC_ROOT_CLASS = YES_ERROR;
				CLANG_WARN_RANGE_LOOP_ANALYSIS = YES;
				CLANG_WARN_STRICT_PROTOTYPES = YES;
				CLANG_WARN_SUSPICIOUS_MOVE = YES;
				CLANG_WARN_UNGUARDED_AVAILABILITY = YES_AGGRESSIVE;
				CLANG_WARN_UNREACHABLE_CODE = YES;
				CLANG_WARN__DUPLICATE_METHOD_MATCH = YES;
				COPY_PHASE_STRIP = NO;
				DEBUG_INFORMATION_FORMAT = dwarf;
				ENABLE_STRICT_OBJC_MSGSEND = YES;
				ENABLE_TESTABILITY = YES;
				GCC_C_LANGUAGE_STANDARD = gnu11;
				GCC_DYNAMIC_NO_PIC = NO;
				GCC_NO_COMMON_BLOCKS = YES;
				GCC_OPTIMIZATION_LEVEL = 0;
				GCC_PREPROCESSOR_DEFINITIONS = (
					"DEBUG=1",
					"$(inherited)",
				);
				GCC_WARN_64_TO_32_BIT_CONVERSION = YES;
				GCC_WARN_ABOUT_RETURN_TYPE = YES_ERROR;
				GCC_WARN_UNDECLARED_SELECTOR = YES;
				GCC_WARN_UNINITIALIZED_AUTOS = YES_AGGRESSIVE;
				GCC_WARN_UNUSED_FUNCTION = YES;
				GCC_WARN_UNUSED_VARIABLE = YES;
				IPHONEOS_DEPLOYMENT_TARGET = 13.2;
				MTL_ENABLE_DEBUG_INFO = INCLUDE_SOURCE;
				MTL_FAST_MATH = YES;
				ONLY_ACTIVE_ARCH = YES;
				SDKROOT = iphoneos;
				SWIFT_ACTIVE_COMPILATION_CONDITIONS = DEBUG;
				SWIFT_OPTIMIZATION_LEVEL = "-Onone";
			};
			name = Debug;
		};
		4F58F0E124068F18001A9C2E /* Release */ = {
			isa = XCBuildConfiguration;
			buildSettings = {
				ALWAYS_EMBED_SWIFT_STANDARD_LIBRARIES = NO;
				ALWAYS_SEARCH_USER_PATHS = NO;
				CLANG_ANALYZER_NONNULL = YES;
				CLANG_ANALYZER_NUMBER_OBJECT_CONVERSION = YES_AGGRESSIVE;
				CLANG_CXX_LANGUAGE_STANDARD = "gnu++14";
				CLANG_CXX_LIBRARY = "libc++";
				CLANG_ENABLE_MODULES = YES;
				CLANG_ENABLE_OBJC_ARC = YES;
				CLANG_ENABLE_OBJC_WEAK = YES;
				CLANG_WARN_BLOCK_CAPTURE_AUTORELEASING = YES;
				CLANG_WARN_BOOL_CONVERSION = YES;
				CLANG_WARN_COMMA = YES;
				CLANG_WARN_CONSTANT_CONVERSION = YES;
				CLANG_WARN_DEPRECATED_OBJC_IMPLEMENTATIONS = YES;
				CLANG_WARN_DIRECT_OBJC_ISA_USAGE = YES_ERROR;
				CLANG_WARN_DOCUMENTATION_COMMENTS = YES;
				CLANG_WARN_EMPTY_BODY = YES;
				CLANG_WARN_ENUM_CONVERSION = YES;
				CLANG_WARN_INFINITE_RECURSION = YES;
				CLANG_WARN_INT_CONVERSION = YES;
				CLANG_WARN_NON_LITERAL_NULL_CONVERSION = YES;
				CLANG_WARN_OBJC_IMPLICIT_RETAIN_SELF = YES;
				CLANG_WARN_OBJC_LITERAL_CONVERSION = YES;
				CLANG_WARN_OBJC_ROOT_CLASS = YES_ERROR;
				CLANG_WARN_RANGE_LOOP_ANALYSIS = YES;
				CLANG_WARN_STRICT_PROTOTYPES = YES;
				CLANG_WARN_SUSPICIOUS_MOVE = YES;
				CLANG_WARN_UNGUARDED_AVAILABILITY = YES_AGGRESSIVE;
				CLANG_WARN_UNREACHABLE_CODE = YES;
				CLANG_WARN__DUPLICATE_METHOD_MATCH = YES;
				COPY_PHASE_STRIP = NO;
				DEBUG_INFORMATION_FORMAT = "dwarf-with-dsym";
				ENABLE_NS_ASSERTIONS = NO;
				ENABLE_STRICT_OBJC_MSGSEND = YES;
				GCC_C_LANGUAGE_STANDARD = gnu11;
				GCC_NO_COMMON_BLOCKS = YES;
				GCC_WARN_64_TO_32_BIT_CONVERSION = YES;
				GCC_WARN_ABOUT_RETURN_TYPE = YES_ERROR;
				GCC_WARN_UNDECLARED_SELECTOR = YES;
				GCC_WARN_UNINITIALIZED_AUTOS = YES_AGGRESSIVE;
				GCC_WARN_UNUSED_FUNCTION = YES;
				GCC_WARN_UNUSED_VARIABLE = YES;
				IPHONEOS_DEPLOYMENT_TARGET = 13.2;
				MTL_ENABLE_DEBUG_INFO = NO;
				MTL_FAST_MATH = YES;
				SDKROOT = iphoneos;
				SWIFT_COMPILATION_MODE = wholemodule;
				SWIFT_OPTIMIZATION_LEVEL = "-O";
				VALIDATE_PRODUCT = YES;
			};
			name = Release;
		};
		4F58F0E324068F18001A9C2E /* Debug */ = {
			isa = XCBuildConfiguration;
			baseConfigurationReference = B42E9265D2FB0A40788231D0 /* Pods-SwiftFirebaseAnonymousLogin.debug.xcconfig */;
			buildSettings = {
				ASSETCATALOG_COMPILER_APPICON_NAME = AppIcon;
				CODE_SIGN_STYLE = Automatic;
				DEVELOPMENT_TEAM = T78LT82SRL;
				INFOPLIST_FILE = SwiftFirebaseAnonymousLogin/Info.plist;
				LD_RUNPATH_SEARCH_PATHS = (
					"$(inherited)",
					"@executable_path/Frameworks",
				);
				PRODUCT_BUNDLE_IDENTIFIER = com.Sakeikura.SwiftFirebaseAnonymousLogin;
				PRODUCT_NAME = "$(TARGET_NAME)";
				SWIFT_VERSION = 5.0;
				TARGETED_DEVICE_FAMILY = 1;
			};
			name = Debug;
		};
		4F58F0E424068F18001A9C2E /* Release */ = {
			isa = XCBuildConfiguration;
			baseConfigurationReference = 5A69F2E67173430C88FFBDC9 /* Pods-SwiftFirebaseAnonymousLogin.release.xcconfig */;
			buildSettings = {
				ASSETCATALOG_COMPILER_APPICON_NAME = AppIcon;
				CODE_SIGN_STYLE = Automatic;
				DEVELOPMENT_TEAM = T78LT82SRL;
				INFOPLIST_FILE = SwiftFirebaseAnonymousLogin/Info.plist;
				LD_RUNPATH_SEARCH_PATHS = (
					"$(inherited)",
					"@executable_path/Frameworks",
				);
				PRODUCT_BUNDLE_IDENTIFIER = com.Sakeikura.SwiftFirebaseAnonymousLogin;
				PRODUCT_NAME = "$(TARGET_NAME)";
				SWIFT_VERSION = 5.0;
				TARGETED_DEVICE_FAMILY = 1;
			};
			name = Release;
		};
/* End XCBuildConfiguration section */

/* Begin XCConfigurationList section */
		4F58F0C924068F17001A9C2E /* Build configuration list for PBXProject "SwiftFirebaseAnonymousLogin" */ = {
			isa = XCConfigurationList;
			buildConfigurations = (
				4F58F0E024068F18001A9C2E /* Debug */,
				4F58F0E124068F18001A9C2E /* Release */,
			);
			defaultConfigurationIsVisible = 0;
			defaultConfigurationName = Release;
		};
		4F58F0E224068F18001A9C2E /* Build configuration list for PBXNativeTarget "SwiftFirebaseAnonymousLogin" */ = {
			isa = XCConfigurationList;
			buildConfigurations = (
				4F58F0E324068F18001A9C2E /* Debug */,
				4F58F0E424068F18001A9C2E /* Release */,
			);
			defaultConfigurationIsVisible = 0;
			defaultConfigurationName = Release;
		};
/* End XCConfigurationList section */
	};
	rootObject = 4F58F0C624068F17001A9C2E /* Project object */;
}
